// !$*UTF8*$!
{
	archiveVersion = 1;
	classes = {
	};
	objectVersion = 50;
	objects = {

/* Begin PBXBuildFile section */
		E1C4609126A893AA00D85CB5 /* Final_Grade_CalculatorApp.swift in Sources */ = {isa = PBXBuildFile; fileRef = E1C4609026A893AA00D85CB5 /* Final_Grade_CalculatorApp.swift */; };
		E1C4609326A893AA00D85CB5 /* ContentView.swift in Sources */ = {isa = PBXBuildFile; fileRef = E1C4609226A893AA00D85CB5 /* ContentView.swift */; };
		E1C4609526A893AB00D85CB5 /* Assets.xcassets in Resources */ = {isa = PBXBuildFile; fileRef = E1C4609426A893AB00D85CB5 /* Assets.xcassets */; };
		E1C4609826A893AB00D85CB5 /* Preview Assets.xcassets in Resources */ = {isa = PBXBuildFile; fileRef = E1C4609726A893AB00D85CB5 /* Preview Assets.xcassets */; };
		E1C460A326A893AB00D85CB5 /* Final_Grade_CalculatorTests.swift in Sources */ = {isa = PBXBuildFile; fileRef = E1C460A226A893AB00D85CB5 /* Final_Grade_CalculatorTests.swift */; };
		E1C460AE26A893AB00D85CB5 /* Final_Grade_CalculatorUITests.swift in Sources */ = {isa = PBXBuildFile; fileRef = E1C460AD26A893AB00D85CB5 /* Final_Grade_CalculatorUITests.swift */; };
/* End PBXBuildFile section */

/* Begin PBXContainerItemProxy section */
		E1C4609F26A893AB00D85CB5 /* PBXContainerItemProxy */ = {
			isa = PBXContainerItemProxy;
			containerPortal = E1C4608526A893AA00D85CB5 /* Project object */;
			proxyType = 1;
			remoteGlobalIDString = E1C4608C26A893AA00D85CB5;
			remoteInfo = "Final Grade Calculator";
		};
		E1C460AA26A893AB00D85CB5 /* PBXContainerItemProxy */ = {
			isa = PBXContainerItemProxy;
			containerPortal = E1C4608526A893AA00D85CB5 /* Project object */;
			proxyType = 1;
			remoteGlobalIDString = E1C4608C26A893AA00D85CB5;
			remoteInfo = "Final Grade Calculator";
		};
/* End PBXContainerItemProxy section */

/* Begin PBXFileReference section */
		E1C4608D26A893AA00D85CB5 /* Final Grade Calculator.app */ = {isa = PBXFileReference; explicitFileType = wrapper.application; includeInIndex = 0; path = "Final Grade Calculator.app"; sourceTree = BUILT_PRODUCTS_DIR; };
		E1C4609026A893AA00D85CB5 /* Final_Grade_CalculatorApp.swift */ = {isa = PBXFileReference; lastKnownFileType = sourcecode.swift; path = Final_Grade_CalculatorApp.swift; sourceTree = "<group>"; };
		E1C4609226A893AA00D85CB5 /* ContentView.swift */ = {isa = PBXFileReference; lastKnownFileType = sourcecode.swift; path = ContentView.swift; sourceTree = "<group>"; };
		E1C4609426A893AB00D85CB5 /* Assets.xcassets */ = {isa = PBXFileReference; lastKnownFileType = folder.assetcatalog; path = Assets.xcassets; sourceTree = "<group>"; };
		E1C4609726A893AB00D85CB5 /* Preview Assets.xcassets */ = {isa = PBXFileReference; lastKnownFileType = folder.assetcatalog; path = "Preview Assets.xcassets"; sourceTree = "<group>"; };
		E1C4609926A893AB00D85CB5 /* Info.plist */ = {isa = PBXFileReference; lastKnownFileType = text.plist.xml; path = Info.plist; sourceTree = "<group>"; };
		E1C4609E26A893AB00D85CB5 /* Final Grade CalculatorTests.xctest */ = {isa = PBXFileReference; explicitFileType = wrapper.cfbundle; includeInIndex = 0; path = "Final Grade CalculatorTests.xctest"; sourceTree = BUILT_PRODUCTS_DIR; };
		E1C460A226A893AB00D85CB5 /* Final_Grade_CalculatorTests.swift */ = {isa = PBXFileReference; lastKnownFileType = sourcecode.swift; path = Final_Grade_CalculatorTests.swift; sourceTree = "<group>"; };
		E1C460A426A893AB00D85CB5 /* Info.plist */ = {isa = PBXFileReference; lastKnownFileType = text.plist.xml; path = Info.plist; sourceTree = "<group>"; };
		E1C460A926A893AB00D85CB5 /* Final Grade CalculatorUITests.xctest */ = {isa = PBXFileReference; explicitFileType = wrapper.cfbundle; includeInIndex = 0; path = "Final Grade CalculatorUITests.xctest"; sourceTree = BUILT_PRODUCTS_DIR; };
		E1C460AD26A893AB00D85CB5 /* Final_Grade_CalculatorUITests.swift */ = {isa = PBXFileReference; lastKnownFileType = sourcecode.swift; path = Final_Grade_CalculatorUITests.swift; sourceTree = "<group>"; };
		E1C460AF26A893AB00D85CB5 /* Info.plist */ = {isa = PBXFileReference; lastKnownFileType = text.plist.xml; path = Info.plist; sourceTree = "<group>"; };
/* End PBXFileReference section */

/* Begin PBXFrameworksBuildPhase section */
		E1C4608A26A893AA00D85CB5 /* Frameworks */ = {
			isa = PBXFrameworksBuildPhase;
			buildActionMask = 2147483647;
			files = (
			);
			runOnlyForDeploymentPostprocessing = 0;
		};
		E1C4609B26A893AB00D85CB5 /* Frameworks */ = {
			isa = PBXFrameworksBuildPhase;
			buildActionMask = 2147483647;
			files = (
			);
			runOnlyForDeploymentPostprocessing = 0;
		};
		E1C460A626A893AB00D85CB5 /* Frameworks */ = {
			isa = PBXFrameworksBuildPhase;
			buildActionMask = 2147483647;
			files = (
			);
			runOnlyForDeploymentPostprocessing = 0;
		};
/* End PBXFrameworksBuildPhase section */

/* Begin PBXGroup section */
		E1C4608426A893AA00D85CB5 = {
			isa = PBXGroup;
			children = (
				E1C4608F26A893AA00D85CB5 /* Final Grade Calculator */,
				E1C460A126A893AB00D85CB5 /* Final Grade CalculatorTests */,
				E1C460AC26A893AB00D85CB5 /* Final Grade CalculatorUITests */,
				E1C4608E26A893AA00D85CB5 /* Products */,
			);
			sourceTree = "<group>";
		};
		E1C4608E26A893AA00D85CB5 /* Products */ = {
			isa = PBXGroup;
			children = (
				E1C4608D26A893AA00D85CB5 /* Final Grade Calculator.app */,
				E1C4609E26A893AB00D85CB5 /* Final Grade CalculatorTests.xctest */,
				E1C460A926A893AB00D85CB5 /* Final Grade CalculatorUITests.xctest */,
			);
			name = Products;
			sourceTree = "<group>";
		};
		E1C4608F26A893AA00D85CB5 /* Final Grade Calculator */ = {
			isa = PBXGroup;
			children = (
				E1C4609026A893AA00D85CB5 /* Final_Grade_CalculatorApp.swift */,
				E1C4609226A893AA00D85CB5 /* ContentView.swift */,
				E1C4609426A893AB00D85CB5 /* Assets.xcassets */,
				E1C4609926A893AB00D85CB5 /* Info.plist */,
				E1C4609626A893AB00D85CB5 /* Preview Content */,
			);
			path = "Final Grade Calculator";
			sourceTree = "<group>";
		};
		E1C4609626A893AB00D85CB5 /* Preview Content */ = {
			isa = PBXGroup;
			children = (
				E1C4609726A893AB00D85CB5 /* Preview Assets.xcassets */,
			);
			path = "Preview Content";
			sourceTree = "<group>";
		};
		E1C460A126A893AB00D85CB5 /* Final Grade CalculatorTests */ = {
			isa = PBXGroup;
			children = (
				E1C460A226A893AB00D85CB5 /* Final_Grade_CalculatorTests.swift */,
				E1C460A426A893AB00D85CB5 /* Info.plist */,
			);
			path = "Final Grade CalculatorTests";
			sourceTree = "<group>";
		};
		E1C460AC26A893AB00D85CB5 /* Final Grade CalculatorUITests */ = {
			isa = PBXGroup;
			children = (
				E1C460AD26A893AB00D85CB5 /* Final_Grade_CalculatorUITests.swift */,
				E1C460AF26A893AB00D85CB5 /* Info.plist */,
			);
			path = "Final Grade CalculatorUITests";
			sourceTree = "<group>";
		};
/* End PBXGroup section */

/* Begin PBXNativeTarget section */
		E1C4608C26A893AA00D85CB5 /* Final Grade Calculator */ = {
			isa = PBXNativeTarget;
			buildConfigurationList = E1C460B226A893AB00D85CB5 /* Build configuration list for PBXNativeTarget "Final Grade Calculator" */;
			buildPhases = (
				E1C4608926A893AA00D85CB5 /* Sources */,
				E1C4608A26A893AA00D85CB5 /* Frameworks */,
				E1C4608B26A893AA00D85CB5 /* Resources */,
			);
			buildRules = (
			);
			dependencies = (
			);
			name = "Final Grade Calculator";
			productName = "Final Grade Calculator";
			productReference = E1C4608D26A893AA00D85CB5 /* Final Grade Calculator.app */;
			productType = "com.apple.product-type.application";
		};
		E1C4609D26A893AB00D85CB5 /* Final Grade CalculatorTests */ = {
			isa = PBXNativeTarget;
			buildConfigurationList = E1C460B526A893AB00D85CB5 /* Build configuration list for PBXNativeTarget "Final Grade CalculatorTests" */;
			buildPhases = (
				E1C4609A26A893AB00D85CB5 /* Sources */,
				E1C4609B26A893AB00D85CB5 /* Frameworks */,
				E1C4609C26A893AB00D85CB5 /* Resources */,
			);
			buildRules = (
			);
			dependencies = (
				E1C460A026A893AB00D85CB5 /* PBXTargetDependency */,
			);
			name = "Final Grade CalculatorTests";
			productName = "Final Grade CalculatorTests";
			productReference = E1C4609E26A893AB00D85CB5 /* Final Grade CalculatorTests.xctest */;
			productType = "com.apple.product-type.bundle.unit-test";
		};
		E1C460A826A893AB00D85CB5 /* Final Grade CalculatorUITests */ = {
			isa = PBXNativeTarget;
			buildConfigurationList = E1C460B826A893AB00D85CB5 /* Build configuration list for PBXNativeTarget "Final Grade CalculatorUITests" */;
			buildPhases = (
				E1C460A526A893AB00D85CB5 /* Sources */,
				E1C460A626A893AB00D85CB5 /* Frameworks */,
				E1C460A726A893AB00D85CB5 /* Resources */,
			);
			buildRules = (
			);
			dependencies = (
				E1C460AB26A893AB00D85CB5 /* PBXTargetDependency */,
			);
			name = "Final Grade CalculatorUITests";
			productName = "Final Grade CalculatorUITests";
			productReference = E1C460A926A893AB00D85CB5 /* Final Grade CalculatorUITests.xctest */;
			productType = "com.apple.product-type.bundle.ui-testing";
		};
/* End PBXNativeTarget section */

/* Begin PBXProject section */
		E1C4608526A893AA00D85CB5 /* Project object */ = {
			isa = PBXProject;
			attributes = {
				LastSwiftUpdateCheck = 1250;
				LastUpgradeCheck = 1250;
				TargetAttributes = {
					E1C4608C26A893AA00D85CB5 = {
						CreatedOnToolsVersion = 12.5.1;
					};
					E1C4609D26A893AB00D85CB5 = {
						CreatedOnToolsVersion = 12.5.1;
						TestTargetID = E1C4608C26A893AA00D85CB5;
					};
					E1C460A826A893AB00D85CB5 = {
						CreatedOnToolsVersion = 12.5.1;
						TestTargetID = E1C4608C26A893AA00D85CB5;
					};
				};
			};
			buildConfigurationList = E1C4608826A893AA00D85CB5 /* Build configuration list for PBXProject "Final Grade Calculator" */;
			compatibilityVersion = "Xcode 9.3";
			developmentRegion = en;
			hasScannedForEncodings = 0;
			knownRegions = (
				en,
				Base,
			);
			mainGroup = E1C4608426A893AA00D85CB5;
			productRefGroup = E1C4608E26A893AA00D85CB5 /* Products */;
			projectDirPath = "";
			projectRoot = "";
			targets = (
				E1C4608C26A893AA00D85CB5 /* Final Grade Calculator */,
				E1C4609D26A893AB00D85CB5 /* Final Grade CalculatorTests */,
				E1C460A826A893AB00D85CB5 /* Final Grade CalculatorUITests */,
			);
		};
/* End PBXProject section */

/* Begin PBXResourcesBuildPhase section */
		E1C4608B26A893AA00D85CB5 /* Resources */ = {
			isa = PBXResourcesBuildPhase;
			buildActionMask = 2147483647;
			files = (
				E1C4609826A893AB00D85CB5 /* Preview Assets.xcassets in Resources */,
				E1C4609526A893AB00D85CB5 /* Assets.xcassets in Resources */,
			);
			runOnlyForDeploymentPostprocessing = 0;
		};
		E1C4609C26A893AB00D85CB5 /* Resources */ = {
			isa = PBXResourcesBuildPhase;
			buildActionMask = 2147483647;
			files = (
			);
			runOnlyForDeploymentPostprocessing = 0;
		};
		E1C460A726A893AB00D85CB5 /* Resources */ = {
			isa = PBXResourcesBuildPhase;
			buildActionMask = 2147483647;
			files = (
			);
			runOnlyForDeploymentPostprocessing = 0;
		};
/* End PBXResourcesBuildPhase section */

/* Begin PBXSourcesBuildPhase section */
		E1C4608926A893AA00D85CB5 /* Sources */ = {
			isa = PBXSourcesBuildPhase;
			buildActionMask = 2147483647;
			files = (
				E1C4609326A893AA00D85CB5 /* ContentView.swift in Sources */,
				E1C4609126A893AA00D85CB5 /* Final_Grade_CalculatorApp.swift in Sources */,
			);
			runOnlyForDeploymentPostprocessing = 0;
		};
		E1C4609A26A893AB00D85CB5 /* Sources */ = {
			isa = PBXSourcesBuildPhase;
			buildActionMask = 2147483647;
			files = (
				E1C460A326A893AB00D85CB5 /* Final_Grade_CalculatorTests.swift in Sources */,
			);
			runOnlyForDeploymentPostprocessing = 0;
		};
		E1C460A526A893AB00D85CB5 /* Sources */ = {
			isa = PBXSourcesBuildPhase;
			buildActionMask = 2147483647;
			files = (
				E1C460AE26A893AB00D85CB5 /* Final_Grade_CalculatorUITests.swift in Sources */,
			);
			runOnlyForDeploymentPostprocessing = 0;
		};
/* End PBXSourcesBuildPhase section */

/* Begin PBXTargetDependency section */
		E1C460A026A893AB00D85CB5 /* PBXTargetDependency */ = {
			isa = PBXTargetDependency;
			target = E1C4608C26A893AA00D85CB5 /* Final Grade Calculator */;
			targetProxy = E1C4609F26A893AB00D85CB5 /* PBXContainerItemProxy */;
		};
		E1C460AB26A893AB00D85CB5 /* PBXTargetDependency */ = {
			isa = PBXTargetDependency;
			target = E1C4608C26A893AA00D85CB5 /* Final Grade Calculator */;
			targetProxy = E1C460AA26A893AB00D85CB5 /* PBXContainerItemProxy */;
		};
/* End PBXTargetDependency section */

/* Begin XCBuildConfiguration section */
		E1C460B026A893AB00D85CB5 /* Debug */ = {
			isa = XCBuildConfiguration;
			buildSettings = {
				ALWAYS_SEARCH_USER_PATHS = NO;
				CLANG_ANALYZER_NONNULL = YES;
				CLANG_ANALYZER_NUMBER_OBJECT_CONVERSION = YES_AGGRESSIVE;
				CLANG_CXX_LANGUAGE_STANDARD = "gnu++14";
				CLANG_CXX_LIBRARY = "libc++";
				CLANG_ENABLE_MODULES = YES;
				CLANG_ENABLE_OBJC_ARC = YES;
				CLANG_ENABLE_OBJC_WEAK = YES;
				CLANG_WARN_BLOCK_CAPTURE_AUTORELEASING = YES;
				CLANG_WARN_BOOL_CONVERSION = YES;
				CLANG_WARN_COMMA = YES;
				CLANG_WARN_CONSTANT_CONVERSION = YES;
				CLANG_WARN_DEPRECATED_OBJC_IMPLEMENTATIONS = YES;
				CLANG_WARN_DIRECT_OBJC_ISA_USAGE = YES_ERROR;
				CLANG_WARN_DOCUMENTATION_COMMENTS = YES;
				CLANG_WARN_EMPTY_BODY = YES;
				CLANG_WARN_ENUM_CONVERSION = YES;
				CLANG_WARN_INFINITE_RECURSION = YES;
				CLANG_WARN_INT_CONVERSION = YES;
				CLANG_WARN_NON_LITERAL_NULL_CONVERSION = YES;
				CLANG_WARN_OBJC_IMPLICIT_RETAIN_SELF = YES;
				CLANG_WARN_OBJC_LITERAL_CONVERSION = YES;
				CLANG_WARN_OBJC_ROOT_CLASS = YES_ERROR;
				CLANG_WARN_QUOTED_INCLUDE_IN_FRAMEWORK_HEADER = YES;
				CLANG_WARN_RANGE_LOOP_ANALYSIS = YES;
				CLANG_WARN_STRICT_PROTOTYPES = YES;
				CLANG_WARN_SUSPICIOUS_MOVE = YES;
				CLANG_WARN_UNGUARDED_AVAILABILITY = YES_AGGRESSIVE;
				CLANG_WARN_UNREACHABLE_CODE = YES;
				CLANG_WARN__DUPLICATE_METHOD_MATCH = YES;
				COPY_PHASE_STRIP = NO;
				DEBUG_INFORMATION_FORMAT = dwarf;
				ENABLE_STRICT_OBJC_MSGSEND = YES;
				ENABLE_TESTABILITY = YES;
				GCC_C_LANGUAGE_STANDARD = gnu11;
				GCC_DYNAMIC_NO_PIC = NO;
				GCC_NO_COMMON_BLOCKS = YES;
				GCC_OPTIMIZATION_LEVEL = 0;
				GCC_PREPROCESSOR_DEFINITIONS = (
					"DEBUG=1",
					"$(inherited)",
				);
				GCC_WARN_64_TO_32_BIT_CONVERSION = YES;
				GCC_WARN_ABOUT_RETURN_TYPE = YES_ERROR;
				GCC_WARN_UNDECLARED_SELECTOR = YES;
				GCC_WARN_UNINITIALIZED_AUTOS = YES_AGGRESSIVE;
				GCC_WARN_UNUSED_FUNCTION = YES;
				GCC_WARN_UNUSED_VARIABLE = YES;
				IPHONEOS_DEPLOYMENT_TARGET = 14.5;
				MTL_ENABLE_DEBUG_INFO = INCLUDE_SOURCE;
				MTL_FAST_MATH = YES;
				ONLY_ACTIVE_ARCH = YES;
				SDKROOT = iphoneos;
				SWIFT_ACTIVE_COMPILATION_CONDITIONS = DEBUG;
				SWIFT_OPTIMIZATION_LEVEL = "-Onone";
			};
			name = Debug;
		};
		E1C460B126A893AB00D85CB5 /* Release */ = {
			isa = XCBuildConfiguration;
			buildSettings = {
				ALWAYS_SEARCH_USER_PATHS = NO;
				CLANG_ANALYZER_NONNULL = YES;
				CLANG_ANALYZER_NUMBER_OBJECT_CONVERSION = YES_AGGRESSIVE;
				CLANG_CXX_LANGUAGE_STANDARD = "gnu++14";
				CLANG_CXX_LIBRARY = "libc++";
				CLANG_ENABLE_MODULES = YES;
				CLANG_ENABLE_OBJC_ARC = YES;
				CLANG_ENABLE_OBJC_WEAK = YES;
				CLANG_WARN_BLOCK_CAPTURE_AUTORELEASING = YES;
				CLANG_WARN_BOOL_CONVERSION = YES;
				CLANG_WARN_COMMA = YES;
				CLANG_WARN_CONSTANT_CONVERSION = YES;
				CLANG_WARN_DEPRECATED_OBJC_IMPLEMENTATIONS = YES;
				CLANG_WARN_DIRECT_OBJC_ISA_USAGE = YES_ERROR;
				CLANG_WARN_DOCUMENTATION_COMMENTS = YES;
				CLANG_WARN_EMPTY_BODY = YES;
				CLANG_WARN_ENUM_CONVERSION = YES;
				CLANG_WARN_INFINITE_RECURSION = YES;
				CLANG_WARN_INT_CONVERSION = YES;
				CLANG_WARN_NON_LITERAL_NULL_CONVERSION = YES;
				CLANG_WARN_OBJC_IMPLICIT_RETAIN_SELF = YES;
				CLANG_WARN_OBJC_LITERAL_CONVERSION = YES;
				CLANG_WARN_OBJC_ROOT_CLASS = YES_ERROR;
				CLANG_WARN_QUOTED_INCLUDE_IN_FRAMEWORK_HEADER = YES;
				CLANG_WARN_RANGE_LOOP_ANALYSIS = YES;
				CLANG_WARN_STRICT_PROTOTYPES = YES;
				CLANG_WARN_SUSPICIOUS_MOVE = YES;
				CLANG_WARN_UNGUARDED_AVAILABILITY = YES_AGGRESSIVE;
				CLANG_WARN_UNREACHABLE_CODE = YES;
				CLANG_WARN__DUPLICATE_METHOD_MATCH = YES;
				COPY_PHASE_STRIP = NO;
				DEBUG_INFORMATION_FORMAT = "dwarf-with-dsym";
				ENABLE_NS_ASSERTIONS = NO;
				ENABLE_STRICT_OBJC_MSGSEND = YES;
				GCC_C_LANGUAGE_STANDARD = gnu11;
				GCC_NO_COMMON_BLOCKS = YES;
				GCC_WARN_64_TO_32_BIT_CONVERSION = YES;
				GCC_WARN_ABOUT_RETURN_TYPE = YES_ERROR;
				GCC_WARN_UNDECLARED_SELECTOR = YES;
				GCC_WARN_UNINITIALIZED_AUTOS = YES_AGGRESSIVE;
				GCC_WARN_UNUSED_FUNCTION = YES;
				GCC_WARN_UNUSED_VARIABLE = YES;
				IPHONEOS_DEPLOYMENT_TARGET = 14.5;
				MTL_ENABLE_DEBUG_INFO = NO;
				MTL_FAST_MATH = YES;
				SDKROOT = iphoneos;
				SWIFT_COMPILATION_MODE = wholemodule;
				SWIFT_OPTIMIZATION_LEVEL = "-O";
				VALIDATE_PRODUCT = YES;
			};
			name = Release;
		};
		E1C460B326A893AB00D85CB5 /* Debug */ = {
			isa = XCBuildConfiguration;
			buildSettings = {
				ASSETCATALOG_COMPILER_APPICON_NAME = AppIcon;
				ASSETCATALOG_COMPILER_GLOBAL_ACCENT_COLOR_NAME = AccentColor;
				CODE_SIGN_STYLE = Automatic;
				DEVELOPMENT_ASSET_PATHS = "\"Final Grade Calculator/Preview Content\"";
				DEVELOPMENT_TEAM = Z794TZT6DN;
				ENABLE_PREVIEWS = YES;
				INFOPLIST_FILE = "Final Grade Calculator/Info.plist";
				IPHONEOS_DEPLOYMENT_TARGET = 14.0;
				LD_RUNPATH_SEARCH_PATHS = (
					"$(inherited)",
					"@executable_path/Frameworks",
				);
				PRODUCT_BUNDLE_IDENTIFIER = "com.Henry-Majewski.Final-Grade-Calculator";
				PRODUCT_NAME = "$(TARGET_NAME)";
				SWIFT_VERSION = 5.0;
				TARGETED_DEVICE_FAMILY = "1,2";
			};
			name = Debug;
		};
		E1C460B426A893AB00D85CB5 /* Release */ = {
			isa = XCBuildConfiguration;
			buildSettings = {
				ASSETCATALOG_COMPILER_APPICON_NAME = AppIcon;
				ASSETCATALOG_COMPILER_GLOBAL_ACCENT_COLOR_NAME = AccentColor;
				CODE_SIGN_STYLE = Automatic;
				DEVELOPMENT_ASSET_PATHS = "\"Final Grade Calculator/Preview Content\"";
				DEVELOPMENT_TEAM = Z794TZT6DN;
				ENABLE_PREVIEWS = YES;
				INFOPLIST_FILE = "Final Grade Calculator/Info.plist";
				IPHONEOS_DEPLOYMENT_TARGET = 14.0;
				LD_RUNPATH_SEARCH_PATHS = (
					"$(inherited)",
					"@executable_path/Frameworks",
				);
				PRODUCT_BUNDLE_IDENTIFIER = "com.Henry-Majewski.Final-Grade-Calculator";
				PRODUCT_NAME = "$(TARGET_NAME)";
				SWIFT_VERSION = 5.0;
				TARGETED_DEVICE_FAMILY = "1,2";
			};
			name = Release;
		};
		E1C460B626A893AB00D85CB5 /* Debug */ = {
			isa = XCBuildConfiguration;
			buildSettings = {
				ALWAYS_EMBED_SWIFT_STANDARD_LIBRARIES = YES;
				BUNDLE_LOADER = "$(TEST_HOST)";
				CODE_SIGN_STYLE = Automatic;
				DEVELOPMENT_TEAM = Z794TZT6DN;
				INFOPLIST_FILE = "Final Grade CalculatorTests/Info.plist";
				IPHONEOS_DEPLOYMENT_TARGET = 14.0;
				LD_RUNPATH_SEARCH_PATHS = (
					"$(inherited)",
					"@executable_path/Frameworks",
					"@loader_path/Frameworks",
				);
				PRODUCT_BUNDLE_IDENTIFIER = "com.Henry-Majewski.Final-Grade-CalculatorTests";
				PRODUCT_NAME = "$(TARGET_NAME)";
				SWIFT_VERSION = 5.0;
				TARGETED_DEVICE_FAMILY = "1,2";
				TEST_HOST = "$(BUILT_PRODUCTS_DIR)/Final Grade Calculator.app/Final Grade Calculator";
			};
			name = Debug;
		};
		E1C460B726A893AB00D85CB5 /* Release */ = {
			isa = XCBuildConfiguration;
			buildSettings = {
				ALWAYS_EMBED_SWIFT_STANDARD_LIBRARIES = YES;
				BUNDLE_LOADER = "$(TEST_HOST)";
				CODE_SIGN_STYLE = Automatic;
				DEVELOPMENT_TEAM = Z794TZT6DN;
				INFOPLIST_FILE = "Final Grade CalculatorTests/Info.plist";
				IPHONEOS_DEPLOYMENT_TARGET = 14.0;
				LD_RUNPATH_SEARCH_PATHS = (
					"$(inherited)",
					"@executable_path/Frameworks",
					"@loader_path/Frameworks",
				);
				PRODUCT_BUNDLE_IDENTIFIER = "com.Henry-Majewski.Final-Grade-CalculatorTests";
				PRODUCT_NAME = "$(TARGET_NAME)";
				SWIFT_VERSION = 5.0;
				TARGETED_DEVICE_FAMILY = "1,2";
				TEST_HOST = "$(BUILT_PRODUCTS_DIR)/Final Grade Calculator.app/Final Grade Calculator";
			};
			name = Release;
		};
		E1C460B926A893AB00D85CB5 /* Debug */ = {
			isa = XCBuildConfiguration;
			buildSettings = {
				ALWAYS_EMBED_SWIFT_STANDARD_LIBRARIES = YES;
				CODE_SIGN_STYLE = Automatic;
				DEVELOPMENT_TEAM = Z794TZT6DN;
				INFOPLIST_FILE = "Final Grade CalculatorUITests/Info.plist";
				LD_RUNPATH_SEARCH_PATHS = (
					"$(inherited)",
					"@executable_path/Frameworks",
					"@loader_path/Frameworks",
				);
				PRODUCT_BUNDLE_IDENTIFIER = "com.Henry-Majewski.Final-Grade-CalculatorUITests";
				PRODUCT_NAME = "$(TARGET_NAME)";
				SWIFT_VERSION = 5.0;
				TARGETED_DEVICE_FAMILY = "1,2";
				TEST_TARGET_NAME = "Final Grade Calculator";
			};
			name = Debug;
		};
		E1C460BA26A893AB00D85CB5 /* Release */ = {
			isa = XCBuildConfiguration;
			buildSettings = {
				ALWAYS_EMBED_SWIFT_STANDARD_LIBRARIES = YES;
				CODE_SIGN_STYLE = Automatic;
				DEVELOPMENT_TEAM = Z794TZT6DN;
				INFOPLIST_FILE = "Final Grade CalculatorUITests/Info.plist";
				LD_RUNPATH_SEARCH_PATHS = (
					"$(inherited)",
					"@executable_path/Frameworks",
					"@loader_path/Frameworks",
				);
				PRODUCT_BUNDLE_IDENTIFIER = "com.Henry-Majewski.Final-Grade-CalculatorUITests";
				PRODUCT_NAME = "$(TARGET_NAME)";
				SWIFT_VERSION = 5.0;
				TARGETED_DEVICE_FAMILY = "1,2";
				TEST_TARGET_NAME = "Final Grade Calculator";
			};
			name = Release;
		};
/* End XCBuildConfiguration section */

/* Begin XCConfigurationList section */
		E1C4608826A893AA00D85CB5 /* Build configuration list for PBXProject "Final Grade Calculator" */ = {
			isa = XCConfigurationList;
			buildConfigurations = (
				E1C460B026A893AB00D85CB5 /* Debug */,
				E1C460B126A893AB00D85CB5 /* Release */,
			);
			defaultConfigurationIsVisible = 0;
			defaultConfigurationName = Release;
		};
		E1C460B226A893AB00D85CB5 /* Build configuration list for PBXNativeTarget "Final Grade Calculator" */ = {
			isa = XCConfigurationList;
			buildConfigurations = (
				E1C460B326A893AB00D85CB5 /* Debug */,
				E1C460B426A893AB00D85CB5 /* Release */,
			);
			defaultConfigurationIsVisible = 0;
			defaultConfigurationName = Release;
		};
		E1C460B526A893AB00D85CB5 /* Build configuration list for PBXNativeTarget "Final Grade CalculatorTests" */ = {
			isa = XCConfigurationList;
			buildConfigurations = (
				E1C460B626A893AB00D85CB5 /* Debug */,
				E1C460B726A893AB00D85CB5 /* Release */,
			);
			defaultConfigurationIsVisible = 0;
			defaultConfigurationName = Release;
		};
		E1C460B826A893AB00D85CB5 /* Build configuration list for PBXNativeTarget "Final Grade CalculatorUITests" */ = {
			isa = XCConfigurationList;
			buildConfigurations = (
				E1C460B926A893AB00D85CB5 /* Debug */,
				E1C460BA26A893AB00D85CB5 /* Release */,
			);
			defaultConfigurationIsVisible = 0;
			defaultConfigurationName = Release;
		};
/* End XCConfigurationList section */
	};
	rootObject = E1C4608526A893AA00D85CB5 /* Project object */;
}
